<?xml version="1.0" encoding="utf-8"?>
<Project ToolsVersion="4.0" xmlns="http://schemas.microsoft.com/developer/msbuild/2003">
  <ItemGroup>
    <ClCompile Include="MainClass.cpp">
      <Filter>MainCore</Filter>
    </ClCompile>
    <ClCompile Include="GameScene.cpp">
      <Filter>Scene</Filter>
    </ClCompile>
    <ClCompile Include="IntroScene.cpp">
      <Filter>Scene</Filter>
    </ClCompile>
    <ClCompile Include="LobbyScene.cpp">
      <Filter>Scene</Filter>
    </ClCompile>
    <ClCompile Include="PacketManager.cpp">
      <Filter>Etc</Filter>
    </ClCompile>
    <ClCompile Include="EventManager.cpp">
      <Filter>Etc</Filter>
    </ClCompile>
    <ClCompile Include="AIZombieEx.cpp">
      <Filter>AI</Filter>
    </ClCompile>
    <ClCompile Include="AIZombieKing.cpp">
      <Filter>AI</Filter>
    </ClCompile>
    <ClCompile Include="AIZombie.cpp">
      <Filter>AI</Filter>
    </ClCompile>
    <ClCompile Include="AIZombieCast.cpp">
      <Filter>AI</Filter>
    </ClCompile>
    <ClCompile Include="AIZombieCrawl.cpp">
      <Filter>AI</Filter>
    </ClCompile>
    <ClCompile Include="UIManager.cpp">
      <Filter>Etc</Filter>
    </ClCompile>
    <ClCompile Include="PlayerController.cpp">
      <Filter>State</Filter>
    </ClCompile>
    <ClCompile Include="PlayerState.cpp">
      <Filter>State</Filter>
    </ClCompile>
    <ClCompile Include="GameMap.cpp" />
  </ItemGroup>
  <ItemGroup>
    <ClInclude Include="MainClass.h">
      <Filter>MainCore</Filter>
    </ClInclude>
    <ClInclude Include="GameScene.h">
      <Filter>Scene</Filter>
    </ClInclude>
    <ClInclude Include="IntroScene.h">
      <Filter>Scene</Filter>
    </ClInclude>
    <ClInclude Include="LobbyScene.h">
      <Filter>Scene</Filter>
    </ClInclude>
    <ClInclude Include="MyProtocol.h">
      <Filter>Etc</Filter>
    </ClInclude>
    <ClInclude Include="PacketManager.h">
      <Filter>Etc</Filter>
    </ClInclude>
    <ClInclude Include="EventManager.h">
      <Filter>Etc</Filter>
    </ClInclude>
    <ClInclude Include="AIZombieEx.h">
      <Filter>AI</Filter>
    </ClInclude>
    <ClInclude Include="AIZombieKing.h">
      <Filter>AI</Filter>
    </ClInclude>
    <ClInclude Include="AIZombie.h">
      <Filter>AI</Filter>
    </ClInclude>
    <ClInclude Include="AIZombieCrawl.h">
      <Filter>AI</Filter>
    </ClInclude>
    <ClInclude Include="AIZombieCast.h">
      <Filter>AI</Filter>
    </ClInclude>
    <ClInclude Include="UIManager.h">
      <Filter>Etc</Filter>
    </ClInclude>
    <ClInclude Include="PlayerController.h">
      <Filter>State</Filter>
    </ClInclude>
    <ClInclude Include="PlayerState.h">
      <Filter>State</Filter>
    </ClInclude>
    <ClInclude Include="GameMap.h" />
  </ItemGroup>
  <ItemGroup>
    <Filter Include="MainCore">
      <UniqueIdentifier>{bfd03fea-90bb-4919-bc39-35d2b55c9861}</UniqueIdentifier>
    </Filter>
    <Filter Include="Scene">
      <UniqueIdentifier>{370c20d3-4550-4776-b4d4-6f242b01d525}</UniqueIdentifier>
    </Filter>
    <Filter Include="Etc">
      <UniqueIdentifier>{b2e2c52d-45cc-44d1-b214-e7e514288210}</UniqueIdentifier>
    </Filter>
    <Filter Include="AI">
      <UniqueIdentifier>{6528aa82-cce4-4df8-b4aa-efd5ffe1f716}</UniqueIdentifier>
    </Filter>
    <Filter Include="State">
      <UniqueIdentifier>{24fc8e6d-cb51-4eb7-a0a4-d5cd76bc2da0}</UniqueIdentifier>
    </Filter>
  </ItemGroup>
  <ItemGroup>
    <Text Include="..\..\data\script\network.txt" />
    <Text Include="..\..\data\ui\ItemList.txt" />
  </ItemGroup>
  <ItemGroup>
    <FxCompile Include="..\..\data\MODEL\Character.hlsl" />
  </ItemGroup>
</Project>