
Microsoft Visual Studio Solution File, Format Version 12.00
# Visual Studio 15
VisualStudioVersion = 15.0.26730.16
MinimumVisualStudioVersion = 10.0.40219.1
Project("{8BC9CEB8-8B4A-11D0-8D11-00A0C91BC942}") = "_CoreLib D3D", "src\CoreLib 3D\CoreLib 3D.vcxproj", "{D961CB9F-97FD-4041-8523-0F75B1343CB0}"
EndProject
Project("{8BC9CEB8-8B4A-11D0-8D11-00A0C91BC942}") = "_test D3D", "src\test 3D\test 3D.vcxproj", "{225A8550-2587-4826-8CE8-469E8CB9CE74}"
	ProjectSection(ProjectDependencies) = postProject
		{D961CB9F-97FD-4041-8523-0F75B1343CB0} = {D961CB9F-97FD-4041-8523-0F75B1343CB0}
	EndProjectSection
EndProject
Global
	GlobalSection(SolutionConfigurationPlatforms) = preSolution
		Debug|x64 = Debug|x64
		Debug|x86 = Debug|x86
		Release|x64 = Release|x64
		Release|x86 = Release|x86
	EndGlobalSection
	GlobalSection(ProjectConfigurationPlatforms) = postSolution
		{D961CB9F-97FD-4041-8523-0F75B1343CB0}.Debug|x64.ActiveCfg = Debug|x64
		{D961CB9F-97FD-4041-8523-0F75B1343CB0}.Debug|x64.Build.0 = Debug|x64
		{D961CB9F-97FD-4041-8523-0F75B1343CB0}.Debug|x86.ActiveCfg = Debug|Win32
		{D961CB9F-97FD-4041-8523-0F75B1343CB0}.Debug|x86.Build.0 = Debug|Win32
		{D961CB9F-97FD-4041-8523-0F75B1343CB0}.Release|x64.ActiveCfg = Release|x64
		{D961CB9F-97FD-4041-8523-0F75B1343CB0}.Release|x64.Build.0 = Release|x64
		{D961CB9F-97FD-4041-8523-0F75B1343CB0}.Release|x86.ActiveCfg = Release|Win32
		{D961CB9F-97FD-4041-8523-0F75B1343CB0}.Release|x86.Build.0 = Release|Win32
		{225A8550-2587-4826-8CE8-469E8CB9CE74}.Debug|x64.ActiveCfg = Debug|x64
		{225A8550-2587-4826-8CE8-469E8CB9CE74}.Debug|x64.Build.0 = Debug|x64
		{225A8550-2587-4826-8CE8-469E8CB9CE74}.Debug|x86.ActiveCfg = Debug|Win32
		{225A8550-2587-4826-8CE8-469E8CB9CE74}.Debug|x86.Build.0 = Debug|Win32
		{225A8550-2587-4826-8CE8-469E8CB9CE74}.Release|x64.ActiveCfg = Release|x64
		{225A8550-2587-4826-8CE8-469E8CB9CE74}.Release|x64.Build.0 = Release|x64
		{225A8550-2587-4826-8CE8-469E8CB9CE74}.Release|x86.ActiveCfg = Release|Win32
		{225A8550-2587-4826-8CE8-469E8CB9CE74}.Release|x86.Build.0 = Release|Win32
	EndGlobalSection
	GlobalSection(SolutionProperties) = preSolution
		HideSolutionNode = FALSE
	EndGlobalSection
	GlobalSection(ExtensibilityGlobals) = postSolution
		SolutionGuid = {FF386A23-A0AA-42E7-9609-178D3FB9C0A3}
		VisualSVNWorkingCopyRoot = .
	EndGlobalSection
EndGlobal
